{
  "version": 4,
  "terraform_version": "1.1.5",
  "serial": 1,
  "lineage": "21be7ddd-c972-320f-1eac-c1d87286952d",
  "outputs": {},
  "resources": [
    {
      "mode": "managed",
      "type": "aws_route53_zone",
      "name": "root",
      "provider": "provider[\"registry.terraform.io/hashicorp/aws\"]",
      "instances": [
        {
          "schema_version": 0,
          "attributes": {
            "arn": "arn:aws:route53:::hostedzone/Z08126151V66MG2WY4NUG",
            "comment": "Managed by Terraform",
            "delegation_set_id": "",
            "force_destroy": false,
            "id": "Z08126151V66MG2WY4NUG",
            "name": "app.virusaas.com",
            "name_servers": [
              "ns-1086.awsdns-07.org",
              "ns-1686.awsdns-18.co.uk",
              "ns-230.awsdns-28.com",
              "ns-925.awsdns-51.net"
            ],
            "tags": null,
            "tags_all": {},
            "vpc": [],
            "zone_id": "Z08126151V66MG2WY4NUG"
          },
          "sensitive_attributes": [],
          "private": "bnVsbA=="
        }
      ]
    }
  ]
}
